
Microsoft Visual Studio Solution File, Format Version 12.00
Project("{FAE04EC0-301F-11D3-BF4B-00C04F79EFBC}") = "MuteAppBG", "MuteAppBG\MuteAppBG.csproj", "{6393CFEC-9DF1-4915-AB89-F1DDDDF59B65}"
EndProject
Global
	GlobalSection(SolutionConfigurationPlatforms) = preSolution
		Debug|Any CPU = Debug|Any CPU
		Release|Any CPU = Release|Any CPU
	EndGlobalSection
	GlobalSection(ProjectConfigurationPlatforms) = postSolution
		{6393CFEC-9DF1-4915-AB89-F1DDDDF59B65}.Debug|Any CPU.ActiveCfg = Debug|Any CPU
		{6393CFEC-9DF1-4915-AB89-F1DDDDF59B65}.Debug|Any CPU.Build.0 = Debug|Any CPU
		{6393CFEC-9DF1-4915-AB89-F1DDDDF59B65}.Release|Any CPU.ActiveCfg = Release|Any CPU
		{6393CFEC-9DF1-4915-AB89-F1DDDDF59B65}.Release|Any CPU.Build.0 = Release|Any CPU
	EndGlobalSection
EndGlobal
